
Microsoft Visual Studio Solution File, Format Version 11.00
# Visual Studio 2010
Project("{FAE04EC0-301F-11D3-BF4B-00C04F79EFBC}") = "ExchangeIntegration.Interfaces", "ExchangeIntegration.Interfaces\ExchangeIntegration.Interfaces.csproj", "{6286C215-3DFB-4A71-826B-FF5EB9FF6FB3}"
EndProject
Project("{FAE04EC0-301F-11D3-BF4B-00C04F79EFBC}") = "ExchangeIntegration.Service", "ExchangeIntegration.Service\ExchangeIntegration.Service.csproj", "{A9383E1E-03FA-429B-8458-A7DD756F941A}"
EndProject
Project("{FAE04EC0-301F-11D3-BF4B-00C04F79EFBC}") = "Testing", "Testing\Testing.csproj", "{89EAAECB-427D-4C9C-ABCB-6794CE12F93E}"
EndProject
Global
	GlobalSection(SolutionConfigurationPlatforms) = preSolution
		Debug|Any CPU = Debug|Any CPU
		Debug|Mixed Platforms = Debug|Mixed Platforms
		Debug|x86 = Debug|x86
		Release|Any CPU = Release|Any CPU
		Release|Mixed Platforms = Release|Mixed Platforms
		Release|x86 = Release|x86
	EndGlobalSection
	GlobalSection(ProjectConfigurationPlatforms) = postSolution
		{6286C215-3DFB-4A71-826B-FF5EB9FF6FB3}.Debug|Any CPU.ActiveCfg = Debug|Any CPU
		{6286C215-3DFB-4A71-826B-FF5EB9FF6FB3}.Debug|Any CPU.Build.0 = Debug|Any CPU
		{6286C215-3DFB-4A71-826B-FF5EB9FF6FB3}.Debug|Mixed Platforms.ActiveCfg = Debug|Any CPU
		{6286C215-3DFB-4A71-826B-FF5EB9FF6FB3}.Debug|Mixed Platforms.Build.0 = Debug|Any CPU
		{6286C215-3DFB-4A71-826B-FF5EB9FF6FB3}.Debug|x86.ActiveCfg = Debug|Any CPU
		{6286C215-3DFB-4A71-826B-FF5EB9FF6FB3}.Release|Any CPU.ActiveCfg = Release|Any CPU
		{6286C215-3DFB-4A71-826B-FF5EB9FF6FB3}.Release|Any CPU.Build.0 = Release|Any CPU
		{6286C215-3DFB-4A71-826B-FF5EB9FF6FB3}.Release|Mixed Platforms.ActiveCfg = Release|Any CPU
		{6286C215-3DFB-4A71-826B-FF5EB9FF6FB3}.Release|Mixed Platforms.Build.0 = Release|Any CPU
		{6286C215-3DFB-4A71-826B-FF5EB9FF6FB3}.Release|x86.ActiveCfg = Release|Any CPU
		{A9383E1E-03FA-429B-8458-A7DD756F941A}.Debug|Any CPU.ActiveCfg = Debug|x86
		{A9383E1E-03FA-429B-8458-A7DD756F941A}.Debug|Mixed Platforms.ActiveCfg = Debug|x86
		{A9383E1E-03FA-429B-8458-A7DD756F941A}.Debug|Mixed Platforms.Build.0 = Debug|x86
		{A9383E1E-03FA-429B-8458-A7DD756F941A}.Debug|x86.ActiveCfg = Debug|x86
		{A9383E1E-03FA-429B-8458-A7DD756F941A}.Debug|x86.Build.0 = Debug|x86
		{A9383E1E-03FA-429B-8458-A7DD756F941A}.Release|Any CPU.ActiveCfg = Release|x86
		{A9383E1E-03FA-429B-8458-A7DD756F941A}.Release|Mixed Platforms.ActiveCfg = Release|x86
		{A9383E1E-03FA-429B-8458-A7DD756F941A}.Release|Mixed Platforms.Build.0 = Release|x86
		{A9383E1E-03FA-429B-8458-A7DD756F941A}.Release|x86.ActiveCfg = Release|x86
		{A9383E1E-03FA-429B-8458-A7DD756F941A}.Release|x86.Build.0 = Release|x86
		{89EAAECB-427D-4C9C-ABCB-6794CE12F93E}.Debug|Any CPU.ActiveCfg = Debug|x86
		{89EAAECB-427D-4C9C-ABCB-6794CE12F93E}.Debug|Mixed Platforms.ActiveCfg = Debug|x86
		{89EAAECB-427D-4C9C-ABCB-6794CE12F93E}.Debug|Mixed Platforms.Build.0 = Debug|x86
		{89EAAECB-427D-4C9C-ABCB-6794CE12F93E}.Debug|x86.ActiveCfg = Debug|x86
		{89EAAECB-427D-4C9C-ABCB-6794CE12F93E}.Debug|x86.Build.0 = Debug|x86
		{89EAAECB-427D-4C9C-ABCB-6794CE12F93E}.Release|Any CPU.ActiveCfg = Release|x86
		{89EAAECB-427D-4C9C-ABCB-6794CE12F93E}.Release|Mixed Platforms.ActiveCfg = Release|x86
		{89EAAECB-427D-4C9C-ABCB-6794CE12F93E}.Release|Mixed Platforms.Build.0 = Release|x86
		{89EAAECB-427D-4C9C-ABCB-6794CE12F93E}.Release|x86.ActiveCfg = Release|x86
		{89EAAECB-427D-4C9C-ABCB-6794CE12F93E}.Release|x86.Build.0 = Release|x86
	EndGlobalSection
	GlobalSection(SolutionProperties) = preSolution
		HideSolutionNode = FALSE
	EndGlobalSection
EndGlobal
